
Microsoft Visual Studio Solution File, Format Version 12.00
# Visual Studio Version 16
VisualStudioVersion = 16.0.31313.79
MinimumVisualStudioVersion = 10.0.40219.1
Project("{FAE04EC0-301F-11D3-BF4B-00C04F79EFBC}") = "PageSystem", "PageSystem\PageSystem.csproj", "{7483B6EE-70C0-4A05-A995-1FB05C5552DD}"
EndProject
Global
	GlobalSection(SolutionConfigurationPlatforms) = preSolution
		Debug|Any CPU = Debug|Any CPU
		Release|Any CPU = Release|Any CPU
	EndGlobalSection
	GlobalSection(ProjectConfigurationPlatforms) = postSolution
		{7483B6EE-70C0-4A05-A995-1FB05C5552DD}.Debug|Any CPU.ActiveCfg = Debug|Any CPU
		{7483B6EE-70C0-4A05-A995-1FB05C5552DD}.Debug|Any CPU.Build.0 = Debug|Any CPU
		{7483B6EE-70C0-4A05-A995-1FB05C5552DD}.Release|Any CPU.ActiveCfg = Release|Any CPU
		{7483B6EE-70C0-4A05-A995-1FB05C5552DD}.Release|Any CPU.Build.0 = Release|Any CPU
	EndGlobalSection
	GlobalSection(SolutionProperties) = preSolution
		HideSolutionNode = FALSE
	EndGlobalSection
	GlobalSection(ExtensibilityGlobals) = postSolution
		SolutionGuid = {8D3D327E-CAA8-4EC5-A8D7-1ABD1DC5B0B3}
	EndGlobalSection
EndGlobal
